
Microsoft Visual Studio Solution File, Format Version 12.00
# Visual Studio Version 17
VisualStudioVersion = 17.8.34309.116
MinimumVisualStudioVersion = 10.0.40219.1
Project("{FAE04EC0-301F-11D3-BF4B-00C04F79EFBC}") = "TikTakVideoService", "TikTakVideoService\TikTakVideoService.csproj", "{6BCE3CA5-F74C-4BB2-8D71-410D3F1DEC53}"
EndProject
Global
	GlobalSection(SolutionConfigurationPlatforms) = preSolution
		Debug|Any CPU = Debug|Any CPU
		Release|Any CPU = Release|Any CPU
	EndGlobalSection
	GlobalSection(ProjectConfigurationPlatforms) = postSolution
		{6BCE3CA5-F74C-4BB2-8D71-410D3F1DEC53}.Debug|Any CPU.ActiveCfg = Debug|Any CPU
		{6BCE3CA5-F74C-4BB2-8D71-410D3F1DEC53}.Debug|Any CPU.Build.0 = Debug|Any CPU
		{6BCE3CA5-F74C-4BB2-8D71-410D3F1DEC53}.Release|Any CPU.ActiveCfg = Release|Any CPU
		{6BCE3CA5-F74C-4BB2-8D71-410D3F1DEC53}.Release|Any CPU.Build.0 = Release|Any CPU
	EndGlobalSection
	GlobalSection(SolutionProperties) = preSolution
		HideSolutionNode = FALSE
	EndGlobalSection
	GlobalSection(ExtensibilityGlobals) = postSolution
		SolutionGuid = {6D2A1E19-AB2B-4F94-A719-8936B0997D86}
	EndGlobalSection
EndGlobal
